
Microsoft Visual Studio Solution File, Format Version 12.00
# Visual Studio 15
VisualStudioVersion = 15.0.27004.2002
MinimumVisualStudioVersion = 10.0.40219.1
Project("{FAE04EC0-301F-11D3-BF4B-00C04F79EFBC}") = "LoraWebUI", "LoraWebUI\LoraWebUI.csproj", "{05B16018-92C7-478B-B8B0-254E5B5ED448}"
EndProject
Global
	GlobalSection(SolutionConfigurationPlatforms) = preSolution
		Debug|Any CPU = Debug|Any CPU
		Release|Any CPU = Release|Any CPU
	EndGlobalSection
	GlobalSection(ProjectConfigurationPlatforms) = postSolution
		{05B16018-92C7-478B-B8B0-254E5B5ED448}.Debug|Any CPU.ActiveCfg = Debug|Any CPU
		{05B16018-92C7-478B-B8B0-254E5B5ED448}.Debug|Any CPU.Build.0 = Debug|Any CPU
		{05B16018-92C7-478B-B8B0-254E5B5ED448}.Release|Any CPU.ActiveCfg = Release|Any CPU
		{05B16018-92C7-478B-B8B0-254E5B5ED448}.Release|Any CPU.Build.0 = Release|Any CPU
	EndGlobalSection
	GlobalSection(SolutionProperties) = preSolution
		HideSolutionNode = FALSE
	EndGlobalSection
	GlobalSection(ExtensibilityGlobals) = postSolution
		SolutionGuid = {4EB4490A-1043-478D-B818-7CF92A0E9730}
	EndGlobalSection
EndGlobal
